
Microsoft Visual Studio Solution File, Format Version 12.00
# Visual Studio Version 17
VisualStudioVersion = 17.7.34202.233
MinimumVisualStudioVersion = 10.0.40219.1
Project("{9A19103F-16F7-4668-BE54-9A1E7A4F7556}") = "API", "API\API.csproj", "{DD902333-82C6-46D2-8677-8EE2342184F8}"
EndProject
Global
	GlobalSection(SolutionConfigurationPlatforms) = preSolution
		Debug|Any CPU = Debug|Any CPU
		Release|Any CPU = Release|Any CPU
	EndGlobalSection
	GlobalSection(ProjectConfigurationPlatforms) = postSolution
		{DD902333-82C6-46D2-8677-8EE2342184F8}.Debug|Any CPU.ActiveCfg = Debug|Any CPU
		{DD902333-82C6-46D2-8677-8EE2342184F8}.Debug|Any CPU.Build.0 = Debug|Any CPU
		{DD902333-82C6-46D2-8677-8EE2342184F8}.Release|Any CPU.ActiveCfg = Release|Any CPU
		{DD902333-82C6-46D2-8677-8EE2342184F8}.Release|Any CPU.Build.0 = Release|Any CPU
	EndGlobalSection
	GlobalSection(SolutionProperties) = preSolution
		HideSolutionNode = FALSE
	EndGlobalSection
	GlobalSection(ExtensibilityGlobals) = postSolution
		SolutionGuid = {908A9049-5EA3-4ACF-9C39-02BC74C57F6C}
	EndGlobalSection
EndGlobal
